
Microsoft Visual Studio Solution File, Format Version 12.00
# Visual Studio Version 16
VisualStudioVersion = 16.0.30717.126
MinimumVisualStudioVersion = 10.0.40219.1
Project("{FAE04EC0-301F-11D3-BF4B-00C04F79EFBC}") = "Freecam", "Freecam\Freecam.csproj", "{B1E30F17-0D8E-4EDD-8543-3B3FC4D918DA}"
EndProject
Global
	GlobalSection(SolutionConfigurationPlatforms) = preSolution
		Debug|Any CPU = Debug|Any CPU
		Release|Any CPU = Release|Any CPU
	EndGlobalSection
	GlobalSection(ProjectConfigurationPlatforms) = postSolution
		{B1E30F17-0D8E-4EDD-8543-3B3FC4D918DA}.Debug|Any CPU.ActiveCfg = Debug|Any CPU
		{B1E30F17-0D8E-4EDD-8543-3B3FC4D918DA}.Debug|Any CPU.Build.0 = Debug|Any CPU
		{B1E30F17-0D8E-4EDD-8543-3B3FC4D918DA}.Release|Any CPU.ActiveCfg = Release|Any CPU
		{B1E30F17-0D8E-4EDD-8543-3B3FC4D918DA}.Release|Any CPU.Build.0 = Release|Any CPU
	EndGlobalSection
	GlobalSection(SolutionProperties) = preSolution
		HideSolutionNode = FALSE
	EndGlobalSection
	GlobalSection(ExtensibilityGlobals) = postSolution
		SolutionGuid = {ECA2F8A7-1E1B-4ABD-B54F-A75964B2022A}
	EndGlobalSection
EndGlobal
